{
  "nodes": {
    "cmp-buffer": {
      "flake": false,
      "locked": {
        "lastModified": 1660101488,
        "narHash": "sha256-dG4U7MtnXThoa/PD+qFtCt76MQ14V1wX8GMYcvxEnbM=",
        "owner": "hrsh7th",
        "repo": "cmp-buffer",
        "rev": "3022dbc9166796b644a841a02de8dd1cc1d311fa",
        "type": "github"
      },
      "original": {
        "owner": "hrsh7th",
        "repo": "cmp-buffer",
        "type": "github"
      }
    },
    "cmp-nvim-lsp": {
      "flake": false,
      "locked": {
        "lastModified": 1652705110,
        "narHash": "sha256-19Ka4EQhqo//IMjJ/DnXiHsevVWFy2M90oSjmBFfCO0=",
        "owner": "hrsh7th",
        "repo": "cmp-nvim-lsp",
        "rev": "affe808a5c56b71630f17aa7c38e15c59fd648a8",
        "type": "github"
      },
      "original": {
        "owner": "hrsh7th",
        "repo": "cmp-nvim-lsp",
        "type": "github"
      }
    },
    "cmp-path": {
      "flake": false,
      "locked": {
        "lastModified": 1658844613,
        "narHash": "sha256-G/I2SH4Uidr25/4fjrtcK3VfxWwD9MSN+ODcB6zjvVo=",
        "owner": "hrsh7th",
        "repo": "cmp-path",
        "rev": "447c87cdd6e6d6a1d2488b1d43108bfa217f56e1",
        "type": "github"
      },
      "original": {
        "owner": "hrsh7th",
        "repo": "cmp-path",
        "type": "github"
      }
    },
    "cmp-treesitter": {
      "flake": false,
      "locked": {
        "lastModified": 1654770534,
        "narHash": "sha256-k2/NCdyvMmeDFDnEmjTYywfvDqsowGU93sQuj69pJqs=",
        "owner": "ray-x",
        "repo": "cmp-treesitter",
        "rev": "c2886bbb09ef6daf996a258db29546cc1e7c12a7",
        "type": "github"
      },
      "original": {
        "owner": "ray-x",
        "repo": "cmp-treesitter",
        "type": "github"
      }
    },
    "cmp_luasnip": {
      "flake": false,
      "locked": {
        "lastModified": 1651433493,
        "narHash": "sha256-8ocJY5qeAJXFSuTnavXX6NvZyAB0EEn2Y+amrWp8B1Y=",
        "owner": "saadparwaiz1",
        "repo": "cmp_luasnip",
        "rev": "a9de941bcbda508d0a45d28ae366bb3f08db2e36",
        "type": "github"
      },
      "original": {
        "owner": "saadparwaiz1",
        "repo": "cmp_luasnip",
        "type": "github"
      }
    },
    "crates-nvim": {
      "flake": false,
      "locked": {
        "lastModified": 1662650787,
        "narHash": "sha256-qlJ9AOZHt81XwOXLPbTovSmQhUeokwXiwEvlZ4VSSrE=",
        "owner": "Saecki",
        "repo": "crates.nvim",
        "rev": "003442e2448870f6f2fab6ec7ac7b4de21e6d1d4",
        "type": "github"
      },
      "original": {
        "owner": "Saecki",
        "repo": "crates.nvim",
        "type": "github"
      }
    },
    "flake-utils": {
      "locked": {
        "lastModified": 1659877975,
        "narHash": "sha256-zllb8aq3YO3h8B/U0/J1WBgAL8EX5yWf5pMj3G0NAmc=",
        "owner": "numtide",
        "repo": "flake-utils",
        "rev": "c0e246b9b83f637f4681389ecabcb2681b4f3af0",
        "type": "github"
      },
      "original": {
        "owner": "numtide",
        "repo": "flake-utils",
        "type": "github"
      }
    },
    "gruvbox": {
      "flake": false,
      "locked": {
        "lastModified": 1663251364,
        "narHash": "sha256-0/4dwzlD4i57eKNeF+sqx0RXMxWq6dGhhQJCZXlRxLY=",
        "owner": "ellisonleao",
        "repo": "gruvbox.nvim",
        "rev": "c632f629026cf41308b4473ab9bb9686318c993c",
        "type": "github"
      },
      "original": {
        "owner": "ellisonleao",
        "repo": "gruvbox.nvim",
        "type": "github"
      }
    },
    "lsp-signature": {
      "flake": false,
      "locked": {
        "lastModified": 1660573480,
        "narHash": "sha256-wY5TH15J99QjPTuIQ13Xp1byNX5xlxKHVi/A3aiwHZ8=",
        "owner": "ray-x",
        "repo": "lsp_signature.nvim",
        "rev": "e65a63858771db3f086c8d904ff5f80705fd962b",
        "type": "github"
      },
      "original": {
        "owner": "ray-x",
        "repo": "lsp_signature.nvim",
        "type": "github"
      }
    },
    "lspkind": {
      "flake": false,
      "locked": {
        "lastModified": 1663059177,
        "narHash": "sha256-NBe3XE3XhKy/q282Buiuid1MQX8Wr5LiksjXXroKbyY=",
        "owner": "onsails",
        "repo": "lspkind-nvim",
        "rev": "f46e3b5528e73347dc0678277460e5cea2a52b6a",
        "type": "github"
      },
      "original": {
        "owner": "onsails",
        "repo": "lspkind-nvim",
        "type": "github"
      }
    },
    "lspsaga": {
      "flake": false,
      "locked": {
        "lastModified": 1660979813,
        "narHash": "sha256-z7ZEo/kqtH6NvwCK/wNoN1Q37+nDArqcvSjYo+wwmcA=",
        "owner": "tami5",
        "repo": "lspsaga.nvim",
        "rev": "9ec569a49aa7ff265764081acff9e5da839c13fe",
        "type": "github"
      },
      "original": {
        "owner": "tami5",
        "repo": "lspsaga.nvim",
        "type": "github"
      }
    },
    "lualine": {
      "flake": false,
      "locked": {
        "lastModified": 1662921346,
        "narHash": "sha256-bGVozEoffFxjiLACTfnDGX11yIHGhLawQWn80Nbd6TM=",
        "owner": "nvim-lualine",
        "repo": "lualine.nvim",
        "rev": "a52f078026b27694d2290e34efa61a6e4a690621",
        "type": "github"
      },
      "original": {
        "owner": "nvim-lualine",
        "repo": "lualine.nvim",
        "type": "github"
      }
    },
    "luasnip": {
      "flake": false,
      "locked": {
        "lastModified": 1663332858,
        "narHash": "sha256-p1kB/EzqWrC8tcR7QXl/OqOjOrLIdhZ/eHZTHa0fS14=",
        "owner": "L3MON4D3",
        "repo": "LuaSnip",
        "rev": "9bb0d2b2280dccaa14d750c309e487c4e6df696b",
        "type": "github"
      },
      "original": {
        "owner": "L3MON4D3",
        "repo": "LuaSnip",
        "type": "github"
      }
    },
    "naersk": {
      "inputs": {
        "nixpkgs": [
          "rnix-lsp",
          "nixpkgs"
        ]
      },
      "locked": {
        "lastModified": 1655042882,
        "narHash": "sha256-9BX8Fuez5YJlN7cdPO63InoyBy7dm3VlJkkmTt6fS1A=",
        "owner": "nix-community",
        "repo": "naersk",
        "rev": "cddffb5aa211f50c4b8750adbec0bbbdfb26bb9f",
        "type": "github"
      },
      "original": {
        "owner": "nix-community",
        "repo": "naersk",
        "type": "github"
      }
    },
    "neovim": {
      "inputs": {
        "flake-utils": "flake-utils",
        "nixpkgs": [
          "nixpkgs"
        ]
      },
      "locked": {
        "dir": "contrib",
        "lastModified": 1663343528,
        "narHash": "sha256-Px1/sd46Vn5Va2qLXJoZtwyS1c7hN3bxC8M+aQBSuqU=",
        "owner": "neovim",
        "repo": "neovim",
        "rev": "e512d3ecf2b6e0104d2df0d863c8d51a2d7e5ab1",
        "type": "github"
      },
      "original": {
        "dir": "contrib",
        "owner": "neovim",
        "repo": "neovim",
        "type": "github"
      }
    },
    "nixpkgs": {
      "locked": {
        "lastModified": 1663264531,
        "narHash": "sha256-2ncO5chPXlTxaebDlhx7MhL0gOEIWxzSyfsl0r0hxQk=",
        "owner": "nixos",
        "repo": "nixpkgs",
        "rev": "454887a35de6317a30be284e8adc2d2f6d8a07c4",
        "type": "github"
      },
      "original": {
        "owner": "nixos",
        "ref": "nixpkgs-unstable",
        "repo": "nixpkgs",
        "type": "github"
      }
    },
    "nixpkgs_2": {
      "locked": {
        "lastModified": 1656753965,
        "narHash": "sha256-BCrB3l0qpJokOnIVc3g2lHiGhnjUi0MoXiw6t1o8H1E=",
        "owner": "nixos",
        "repo": "nixpkgs",
        "rev": "0ea7a8f1b939d74e5df8af9a8f7342097cdf69eb",
        "type": "github"
      },
      "original": {
        "owner": "nixos",
        "ref": "nixos-unstable",
        "repo": "nixpkgs",
        "type": "github"
      }
    },
    "null-ls": {
      "flake": false,
      "locked": {
        "lastModified": 1663334318,
        "narHash": "sha256-REkBt34AkwgLwJQ8O0twqXin4E7qZ/3h4zVvZnW7jgc=",
        "owner": "jose-elias-alvarez",
        "repo": "null-ls.nvim",
        "rev": "b0b471f098838d14c13b692d92fff7a161cd82ca",
        "type": "github"
      },
      "original": {
        "owner": "jose-elias-alvarez",
        "repo": "null-ls.nvim",
        "type": "github"
      }
    },
    "nvim-autopairs": {
      "flake": false,
      "locked": {
        "lastModified": 1662675994,
        "narHash": "sha256-qXhvp3K7I+XoDPOgAhnxqPoOcfXdSIU6PfXeArcFIYk=",
        "owner": "windwp",
        "repo": "nvim-autopairs",
        "rev": "5fe24419e7a7ec536d78d60be1515b018ab41b15",
        "type": "github"
      },
      "original": {
        "owner": "windwp",
        "repo": "nvim-autopairs",
        "type": "github"
      }
    },
    "nvim-cmp": {
      "flake": false,
      "locked": {
        "lastModified": 1662608907,
        "narHash": "sha256-oT78R6RzV9KpZWorjUobTXpyfhAwqLa95mH090668ss=",
        "owner": "hrsh7th",
        "repo": "nvim-cmp",
        "rev": "913eb8599816b0b71fe959693080917d8063b26a",
        "type": "github"
      },
      "original": {
        "owner": "hrsh7th",
        "repo": "nvim-cmp",
        "type": "github"
      }
    },
    "nvim-code-action-menu": {
      "flake": false,
      "locked": {
        "lastModified": 1653835393,
        "narHash": "sha256-nG6lasCs7VeJfj5eV/oH9OfJbSaEaAOOM98R72xudCY=",
        "owner": "weilbith",
        "repo": "nvim-code-action-menu",
        "rev": "ee599409ed6ab31f6d7115e9c5c4550336470c14",
        "type": "github"
      },
      "original": {
        "owner": "weilbith",
        "repo": "nvim-code-action-menu",
        "type": "github"
      }
    },
    "nvim-lspconfig": {
      "flake": false,
      "locked": {
        "lastModified": 1663166903,
        "narHash": "sha256-SAtVRAPJIs1ax48nLieZ+X2jKJTZl8aKOCKbd8H6eWc=",
        "owner": "neovim",
        "repo": "nvim-lspconfig",
        "rev": "51775b12cfbf1b6462c7b13cd020cc09e6767aea",
        "type": "github"
      },
      "original": {
        "owner": "neovim",
        "repo": "nvim-lspconfig",
        "type": "github"
      }
    },
    "nvim-treesitter": {
      "flake": false,
      "locked": {
        "lastModified": 1663312549,
        "narHash": "sha256-LnW/3DXzOeVRDa107TYphMkhNPW1VPr/2npKznnimj0=",
        "owner": "nvim-treesitter",
        "repo": "nvim-treesitter",
        "rev": "088dfbc54abfefeab8d3f1efc8be1ea48888b320",
        "type": "github"
      },
      "original": {
        "owner": "nvim-treesitter",
        "repo": "nvim-treesitter",
        "type": "github"
      }
    },
    "nvim-treesitter-context": {
      "flake": false,
      "locked": {
        "lastModified": 1662558501,
        "narHash": "sha256-nuXkW/GSwKE05XvyOowbtwzY5sEaJK6fpmi+Qx4HONo=",
        "owner": "nvim-treesitter",
        "repo": "nvim-treesitter-context",
        "rev": "82631f666f186dbccb8190bc37a65d7cfab45d16",
        "type": "github"
      },
      "original": {
        "owner": "nvim-treesitter",
        "repo": "nvim-treesitter-context",
        "type": "github"
      }
    },
    "nvim-ts-autotag": {
      "flake": false,
      "locked": {
        "lastModified": 1660219579,
        "narHash": "sha256-ltGiYNXWpWSI5RrWTVR+k6SZjcZbsHtH5m9uHTMKnzM=",
        "owner": "windwp",
        "repo": "nvim-ts-autotag",
        "rev": "fdefe46c6807441460f11f11a167a2baf8e4534b",
        "type": "github"
      },
      "original": {
        "owner": "windwp",
        "repo": "nvim-ts-autotag",
        "type": "github"
      }
    },
    "plenary-nvim": {
      "flake": false,
      "locked": {
        "lastModified": 1662196864,
        "narHash": "sha256-qIfsQScKdwrVXUYry+RDjoMoKLuhlsw1GHOVoeOphfo=",
        "owner": "nvim-lua",
        "repo": "plenary.nvim",
        "rev": "4b66054e75356ac0b909bbfee9c682e703f535c2",
        "type": "github"
      },
      "original": {
        "owner": "nvim-lua",
        "repo": "plenary.nvim",
        "type": "github"
      }
    },
    "rnix-lsp": {
      "inputs": {
        "naersk": "naersk",
        "nixpkgs": "nixpkgs_2",
        "utils": "utils"
      },
      "locked": {
        "lastModified": 1658963292,
        "narHash": "sha256-4OIpATLdPQvryyhRQPELeqNYC0n6PCyjD6LCPdwOztc=",
        "owner": "nix-community",
        "repo": "rnix-lsp",
        "rev": "ff18e04551a39ccdab0ff9c83926db3807b23478",
        "type": "github"
      },
      "original": {
        "owner": "nix-community",
        "repo": "rnix-lsp",
        "type": "github"
      }
    },
    "root": {
      "inputs": {
        "cmp-buffer": "cmp-buffer",
        "cmp-nvim-lsp": "cmp-nvim-lsp",
        "cmp-path": "cmp-path",
        "cmp-treesitter": "cmp-treesitter",
        "cmp_luasnip": "cmp_luasnip",
        "crates-nvim": "crates-nvim",
        "gruvbox": "gruvbox",
        "lsp-signature": "lsp-signature",
        "lspkind": "lspkind",
        "lspsaga": "lspsaga",
        "lualine": "lualine",
        "luasnip": "luasnip",
        "neovim": "neovim",
        "nixpkgs": "nixpkgs",
        "null-ls": "null-ls",
        "nvim-autopairs": "nvim-autopairs",
        "nvim-cmp": "nvim-cmp",
        "nvim-code-action-menu": "nvim-code-action-menu",
        "nvim-lspconfig": "nvim-lspconfig",
        "nvim-treesitter": "nvim-treesitter",
        "nvim-treesitter-context": "nvim-treesitter-context",
        "nvim-ts-autotag": "nvim-ts-autotag",
        "plenary-nvim": "plenary-nvim",
        "rnix-lsp": "rnix-lsp",
        "rust-tools": "rust-tools",
        "sqls-nvim": "sqls-nvim",
        "telescope": "telescope",
        "trouble": "trouble"
      }
    },
    "rust-tools": {
      "flake": false,
      "locked": {
        "lastModified": 1662154544,
        "narHash": "sha256-zR+6LMgHxzqWuPYuTT5U4HKW+lbgOZ2Zw6LzArRpQ5g=",
        "owner": "simrat39",
        "repo": "rust-tools.nvim",
        "rev": "86a2b4e31f504c00715d0dd082a6b8b5d4afbf03",
        "type": "github"
      },
      "original": {
        "owner": "simrat39",
        "repo": "rust-tools.nvim",
        "type": "github"
      }
    },
    "sqls-nvim": {
      "flake": false,
      "locked": {
        "lastModified": 1657291129,
        "narHash": "sha256-tatUEAI8EVXDYQPAAZ5+38YOPWb8Ei9VHCzHp+AyRjc=",
        "owner": "nanotee",
        "repo": "sqls.nvim",
        "rev": "a0048b7018c99b68456f91b4aa42ce288f0c0774",
        "type": "github"
      },
      "original": {
        "owner": "nanotee",
        "repo": "sqls.nvim",
        "type": "github"
      }
    },
    "telescope": {
      "flake": false,
      "locked": {
        "lastModified": 1662321586,
        "narHash": "sha256-JWNYnbXH8C7J0H7cE9j7akwW8C86nD0vy5GwTtLdBvw=",
        "owner": "nvim-telescope",
        "repo": "telescope.nvim",
        "rev": "2584ff391b528d01bf5e8c04206d5902a79ebdde",
        "type": "github"
      },
      "original": {
        "owner": "nvim-telescope",
        "repo": "telescope.nvim",
        "type": "github"
      }
    },
    "trouble": {
      "flake": false,
      "locked": {
        "lastModified": 1662367551,
        "narHash": "sha256-f/93y22apE22noWm79I7sA380OIAEbKNgy74WsuD3h4=",
        "owner": "folke",
        "repo": "trouble.nvim",
        "rev": "929315ea5f146f1ce0e784c76c943ece6f36d786",
        "type": "github"
      },
      "original": {
        "owner": "folke",
        "repo": "trouble.nvim",
        "type": "github"
      }
    },
    "utils": {
      "locked": {
        "lastModified": 1656928814,
        "narHash": "sha256-RIFfgBuKz6Hp89yRr7+NR5tzIAbn52h8vT6vXkYjZoM=",
        "owner": "numtide",
        "repo": "flake-utils",
        "rev": "7e2a3b3dfd9af950a856d66b0a7d01e3c18aa249",
        "type": "github"
      },
      "original": {
        "owner": "numtide",
        "repo": "flake-utils",
        "type": "github"
      }
    }
  },
  "root": "root",
  "version": 7
}
